{
  "originHash" : "e2af802e133a1bd5c32508021a46ed66160207de483594041661897eeb080070",
  "pins" : [
    {
      "identity" : "alamofire",
      "kind" : "remoteSourceControl",
      "location" : "https://github.com/Alamofire/Alamofire.git",
      "state" : {
        "revision" : "513364f870f6bfc468f9d2ff0a95caccc10044c5",
        "version" : "5.10.2"
      }
    },
    {
      "identity" : "coremodule",
      "kind" : "remoteSourceControl",
      "location" : "https://github.com/gaidasalwa/CoreModule.git",
      "state" : {
        "revision" : "4f1c23349bac034dcb2c5267e531f4d7da10b853",
        "version" : "1.0.0"
      }
    },
    {
      "identity" : "factory",
      "kind" : "remoteSourceControl",
      "location" : "https://github.com/hmlongco/Factory.git",
      "state" : {
        "revision" : "fb04a8918848e413d3921d346a23bae7f81088d9",
        "version" : "2.4.3"
      }
    }
  ],
  "version" : 3
}
