{
  "originHash" : "a76784d1b9a4aab46d65ce32e90b296c3c5ff0e35f7369a80e1540f49927e3a1",
  "pins" : [
    {
      "identity" : "alamofire",
      "kind" : "remoteSourceControl",
      "location" : "https://github.com/Alamofire/Alamofire.git",
      "state" : {
        "revision" : "513364f870f6bfc468f9d2ff0a95caccc10044c5",
        "version" : "5.10.2"
      }
    },
    {
      "identity" : "coremodule",
      "kind" : "remoteSourceControl",
      "location" : "https://github.com/gaidasalwa/CoreModule.git",
      "state" : {
        "revision" : "267d87a6938e9b93477d67783d8734ada4004626",
        "version" : "1.4.0"
      }
    },
    {
      "identity" : "factory",
      "kind" : "remoteSourceControl",
      "location" : "https://github.com/hmlongco/Factory.git",
      "state" : {
        "revision" : "fb04a8918848e413d3921d346a23bae7f81088d9",
        "version" : "2.4.3"
      }
    }
  ],
  "version" : 3
}
